
Microsoft Visual Studio Solution File, Format Version 12.00
# Visual Studio Version 16
VisualStudioVersion = 16.0.30907.101
MinimumVisualStudioVersion = 10.0.40219.1
Project("{8BC9CEB8-8B4A-11D0-8D11-00A0C91BC942}") = "Task1-1", "Task1-1\Task1-1.vcxproj", "{0510B439-FEA3-42E0-9971-F4C7011EC392}"
EndProject
Project("{8BC9CEB8-8B4A-11D0-8D11-00A0C91BC942}") = "Task1-2", "Task1-2\Task1-2.vcxproj", "{873D47F3-AC4B-4EB0-9A93-D4AB84090B2E}"
EndProject
Project("{8BC9CEB8-8B4A-11D0-8D11-00A0C91BC942}") = "Task1-3", "Task1-3\Task1-3.vcxproj", "{57B03A28-423B-4044-A0CF-DF64B5F4D890}"
EndProject
Project("{8BC9CEB8-8B4A-11D0-8D11-00A0C91BC942}") = "Task2-1", "Task2-1\Task2-1.vcxproj", "{6930A9DB-2025-4B54-8B05-7C74F3B84506}"
EndProject
Project("{8BC9CEB8-8B4A-11D0-8D11-00A0C91BC942}") = "Task2-2", "Task2-2\Task2-2.vcxproj", "{9383EA7A-EDF8-4347-B44F-FE5DDE0DEC55}"
EndProject
Project("{8BC9CEB8-8B4A-11D0-8D11-00A0C91BC942}") = "Task2-3", "Task2-3\Task2-3.vcxproj", "{E2B27662-E035-4A77-A4E3-068B0367AF24}"
EndProject
Project("{8BC9CEB8-8B4A-11D0-8D11-00A0C91BC942}") = "Task3-1", "Task3-1\Task3-1.vcxproj", "{54FE9F4D-1CCA-46BF-941A-FADB545A8A46}"
EndProject
Project("{8BC9CEB8-8B4A-11D0-8D11-00A0C91BC942}") = "Task3-2", "Task3-2\Task3-2.vcxproj", "{656DEDED-70A7-4842-9B55-4364B8AA1DD2}"
EndProject
Project("{8BC9CEB8-8B4A-11D0-8D11-00A0C91BC942}") = "Task3-3", "Task3-3\Task3-3.vcxproj", "{B79D89CC-226A-4CA9-8699-C415F40CA986}"
EndProject
Project("{8BC9CEB8-8B4A-11D0-8D11-00A0C91BC942}") = "Task4-1", "Task4-1\Task4-1.vcxproj", "{CB13007F-2EE0-4092-930A-09EBFF134936}"
EndProject
Project("{8BC9CEB8-8B4A-11D0-8D11-00A0C91BC942}") = "Task4-2", "Task4-2\Task4-2.vcxproj", "{93FFE68E-7997-4403-A054-93E0227C1F64}"
EndProject
Project("{8BC9CEB8-8B4A-11D0-8D11-00A0C91BC942}") = "Task4-3", "Task4-3\Task4-3.vcxproj", "{08B406B6-0C6E-48F9-B36B-74B6297B60C7}"
EndProject
Project("{8BC9CEB8-8B4A-11D0-8D11-00A0C91BC942}") = "Task5-1", "Task5-1\Task5-1.vcxproj", "{4F36F854-A3F5-497F-AE12-7DC429152ED1}"
EndProject
Project("{8BC9CEB8-8B4A-11D0-8D11-00A0C91BC942}") = "Task5-2", "Task5-2\Task5-2.vcxproj", "{982659E9-8759-48F0-A395-706FF956BECD}"
EndProject
Project("{8BC9CEB8-8B4A-11D0-8D11-00A0C91BC942}") = "Task5-3", "Task5-3\Task5-3.vcxproj", "{D24BDE11-C1D9-42CA-96ED-950E0F94D754}"
EndProject
Project("{8BC9CEB8-8B4A-11D0-8D11-00A0C91BC942}") = "Task6-1", "Task6-1\Task6-1.vcxproj", "{097BF965-9ED4-4D67-BC51-1910D537FE3E}"
EndProject
Project("{8BC9CEB8-8B4A-11D0-8D11-00A0C91BC942}") = "Task6-2", "Task6-2\Task6-2.vcxproj", "{A1942DBA-804D-4C02-B6E7-3D54EAA8AAE9}"
EndProject
Project("{8BC9CEB8-8B4A-11D0-8D11-00A0C91BC942}") = "Task6-3", "Task6-3\Task6-3.vcxproj", "{C5AF3BEE-86B3-4C65-B88D-EEB5502E65AA}"
EndProject
Global
	GlobalSection(SolutionConfigurationPlatforms) = preSolution
		Debug|x64 = Debug|x64
		Debug|x86 = Debug|x86
		Release|x64 = Release|x64
		Release|x86 = Release|x86
	EndGlobalSection
	GlobalSection(ProjectConfigurationPlatforms) = postSolution
		{0510B439-FEA3-42E0-9971-F4C7011EC392}.Debug|x64.ActiveCfg = Debug|x64
		{0510B439-FEA3-42E0-9971-F4C7011EC392}.Debug|x64.Build.0 = Debug|x64
		{0510B439-FEA3-42E0-9971-F4C7011EC392}.Debug|x86.ActiveCfg = Debug|Win32
		{0510B439-FEA3-42E0-9971-F4C7011EC392}.Debug|x86.Build.0 = Debug|Win32
		{0510B439-FEA3-42E0-9971-F4C7011EC392}.Release|x64.ActiveCfg = Release|x64
		{0510B439-FEA3-42E0-9971-F4C7011EC392}.Release|x64.Build.0 = Release|x64
		{0510B439-FEA3-42E0-9971-F4C7011EC392}.Release|x86.ActiveCfg = Release|Win32
		{0510B439-FEA3-42E0-9971-F4C7011EC392}.Release|x86.Build.0 = Release|Win32
		{873D47F3-AC4B-4EB0-9A93-D4AB84090B2E}.Debug|x64.ActiveCfg = Debug|x64
		{873D47F3-AC4B-4EB0-9A93-D4AB84090B2E}.Debug|x64.Build.0 = Debug|x64
		{873D47F3-AC4B-4EB0-9A93-D4AB84090B2E}.Debug|x86.ActiveCfg = Debug|Win32
		{873D47F3-AC4B-4EB0-9A93-D4AB84090B2E}.Debug|x86.Build.0 = Debug|Win32
		{873D47F3-AC4B-4EB0-9A93-D4AB84090B2E}.Release|x64.ActiveCfg = Release|x64
		{873D47F3-AC4B-4EB0-9A93-D4AB84090B2E}.Release|x64.Build.0 = Release|x64
		{873D47F3-AC4B-4EB0-9A93-D4AB84090B2E}.Release|x86.ActiveCfg = Release|Win32
		{873D47F3-AC4B-4EB0-9A93-D4AB84090B2E}.Release|x86.Build.0 = Release|Win32
		{57B03A28-423B-4044-A0CF-DF64B5F4D890}.Debug|x64.ActiveCfg = Debug|x64
		{57B03A28-423B-4044-A0CF-DF64B5F4D890}.Debug|x64.Build.0 = Debug|x64
		{57B03A28-423B-4044-A0CF-DF64B5F4D890}.Debug|x86.ActiveCfg = Debug|Win32
		{57B03A28-423B-4044-A0CF-DF64B5F4D890}.Debug|x86.Build.0 = Debug|Win32
		{57B03A28-423B-4044-A0CF-DF64B5F4D890}.Release|x64.ActiveCfg = Release|x64
		{57B03A28-423B-4044-A0CF-DF64B5F4D890}.Release|x64.Build.0 = Release|x64
		{57B03A28-423B-4044-A0CF-DF64B5F4D890}.Release|x86.ActiveCfg = Release|Win32
		{57B03A28-423B-4044-A0CF-DF64B5F4D890}.Release|x86.Build.0 = Release|Win32
		{6930A9DB-2025-4B54-8B05-7C74F3B84506}.Debug|x64.ActiveCfg = Debug|x64
		{6930A9DB-2025-4B54-8B05-7C74F3B84506}.Debug|x64.Build.0 = Debug|x64
		{6930A9DB-2025-4B54-8B05-7C74F3B84506}.Debug|x86.ActiveCfg = Debug|Win32
		{6930A9DB-2025-4B54-8B05-7C74F3B84506}.Debug|x86.Build.0 = Debug|Win32
		{6930A9DB-2025-4B54-8B05-7C74F3B84506}.Release|x64.ActiveCfg = Release|x64
		{6930A9DB-2025-4B54-8B05-7C74F3B84506}.Release|x64.Build.0 = Release|x64
		{6930A9DB-2025-4B54-8B05-7C74F3B84506}.Release|x86.ActiveCfg = Release|Win32
		{6930A9DB-2025-4B54-8B05-7C74F3B84506}.Release|x86.Build.0 = Release|Win32
		{9383EA7A-EDF8-4347-B44F-FE5DDE0DEC55}.Debug|x64.ActiveCfg = Debug|x64
		{9383EA7A-EDF8-4347-B44F-FE5DDE0DEC55}.Debug|x64.Build.0 = Debug|x64
		{9383EA7A-EDF8-4347-B44F-FE5DDE0DEC55}.Debug|x86.ActiveCfg = Debug|Win32
		{9383EA7A-EDF8-4347-B44F-FE5DDE0DEC55}.Debug|x86.Build.0 = Debug|Win32
		{9383EA7A-EDF8-4347-B44F-FE5DDE0DEC55}.Release|x64.ActiveCfg = Release|x64
		{9383EA7A-EDF8-4347-B44F-FE5DDE0DEC55}.Release|x64.Build.0 = Release|x64
		{9383EA7A-EDF8-4347-B44F-FE5DDE0DEC55}.Release|x86.ActiveCfg = Release|Win32
		{9383EA7A-EDF8-4347-B44F-FE5DDE0DEC55}.Release|x86.Build.0 = Release|Win32
		{E2B27662-E035-4A77-A4E3-068B0367AF24}.Debug|x64.ActiveCfg = Debug|x64
		{E2B27662-E035-4A77-A4E3-068B0367AF24}.Debug|x64.Build.0 = Debug|x64
		{E2B27662-E035-4A77-A4E3-068B0367AF24}.Debug|x86.ActiveCfg = Debug|Win32
		{E2B27662-E035-4A77-A4E3-068B0367AF24}.Debug|x86.Build.0 = Debug|Win32
		{E2B27662-E035-4A77-A4E3-068B0367AF24}.Release|x64.ActiveCfg = Release|x64
		{E2B27662-E035-4A77-A4E3-068B0367AF24}.Release|x64.Build.0 = Release|x64
		{E2B27662-E035-4A77-A4E3-068B0367AF24}.Release|x86.ActiveCfg = Release|Win32
		{E2B27662-E035-4A77-A4E3-068B0367AF24}.Release|x86.Build.0 = Release|Win32
		{54FE9F4D-1CCA-46BF-941A-FADB545A8A46}.Debug|x64.ActiveCfg = Debug|x64
		{54FE9F4D-1CCA-46BF-941A-FADB545A8A46}.Debug|x64.Build.0 = Debug|x64
		{54FE9F4D-1CCA-46BF-941A-FADB545A8A46}.Debug|x86.ActiveCfg = Debug|Win32
		{54FE9F4D-1CCA-46BF-941A-FADB545A8A46}.Debug|x86.Build.0 = Debug|Win32
		{54FE9F4D-1CCA-46BF-941A-FADB545A8A46}.Release|x64.ActiveCfg = Release|x64
		{54FE9F4D-1CCA-46BF-941A-FADB545A8A46}.Release|x64.Build.0 = Release|x64
		{54FE9F4D-1CCA-46BF-941A-FADB545A8A46}.Release|x86.ActiveCfg = Release|Win32
		{54FE9F4D-1CCA-46BF-941A-FADB545A8A46}.Release|x86.Build.0 = Release|Win32
		{656DEDED-70A7-4842-9B55-4364B8AA1DD2}.Debug|x64.ActiveCfg = Debug|x64
		{656DEDED-70A7-4842-9B55-4364B8AA1DD2}.Debug|x64.Build.0 = Debug|x64
		{656DEDED-70A7-4842-9B55-4364B8AA1DD2}.Debug|x86.ActiveCfg = Debug|Win32
		{656DEDED-70A7-4842-9B55-4364B8AA1DD2}.Debug|x86.Build.0 = Debug|Win32
		{656DEDED-70A7-4842-9B55-4364B8AA1DD2}.Release|x64.ActiveCfg = Release|x64
		{656DEDED-70A7-4842-9B55-4364B8AA1DD2}.Release|x64.Build.0 = Release|x64
		{656DEDED-70A7-4842-9B55-4364B8AA1DD2}.Release|x86.ActiveCfg = Release|Win32
		{656DEDED-70A7-4842-9B55-4364B8AA1DD2}.Release|x86.Build.0 = Release|Win32
		{B79D89CC-226A-4CA9-8699-C415F40CA986}.Debug|x64.ActiveCfg = Debug|x64
		{B79D89CC-226A-4CA9-8699-C415F40CA986}.Debug|x64.Build.0 = Debug|x64
		{B79D89CC-226A-4CA9-8699-C415F40CA986}.Debug|x86.ActiveCfg = Debug|Win32
		{B79D89CC-226A-4CA9-8699-C415F40CA986}.Debug|x86.Build.0 = Debug|Win32
		{B79D89CC-226A-4CA9-8699-C415F40CA986}.Release|x64.ActiveCfg = Release|x64
		{B79D89CC-226A-4CA9-8699-C415F40CA986}.Release|x64.Build.0 = Release|x64
		{B79D89CC-226A-4CA9-8699-C415F40CA986}.Release|x86.ActiveCfg = Release|Win32
		{B79D89CC-226A-4CA9-8699-C415F40CA986}.Release|x86.Build.0 = Release|Win32
		{CB13007F-2EE0-4092-930A-09EBFF134936}.Debug|x64.ActiveCfg = Debug|x64
		{CB13007F-2EE0-4092-930A-09EBFF134936}.Debug|x64.Build.0 = Debug|x64
		{CB13007F-2EE0-4092-930A-09EBFF134936}.Debug|x86.ActiveCfg = Debug|Win32
		{CB13007F-2EE0-4092-930A-09EBFF134936}.Debug|x86.Build.0 = Debug|Win32
		{CB13007F-2EE0-4092-930A-09EBFF134936}.Release|x64.ActiveCfg = Release|x64
		{CB13007F-2EE0-4092-930A-09EBFF134936}.Release|x64.Build.0 = Release|x64
		{CB13007F-2EE0-4092-930A-09EBFF134936}.Release|x86.ActiveCfg = Release|Win32
		{CB13007F-2EE0-4092-930A-09EBFF134936}.Release|x86.Build.0 = Release|Win32
		{93FFE68E-7997-4403-A054-93E0227C1F64}.Debug|x64.ActiveCfg = Debug|x64
		{93FFE68E-7997-4403-A054-93E0227C1F64}.Debug|x64.Build.0 = Debug|x64
		{93FFE68E-7997-4403-A054-93E0227C1F64}.Debug|x86.ActiveCfg = Debug|Win32
		{93FFE68E-7997-4403-A054-93E0227C1F64}.Debug|x86.Build.0 = Debug|Win32
		{93FFE68E-7997-4403-A054-93E0227C1F64}.Release|x64.ActiveCfg = Release|x64
		{93FFE68E-7997-4403-A054-93E0227C1F64}.Release|x64.Build.0 = Release|x64
		{93FFE68E-7997-4403-A054-93E0227C1F64}.Release|x86.ActiveCfg = Release|Win32
		{93FFE68E-7997-4403-A054-93E0227C1F64}.Release|x86.Build.0 = Release|Win32
		{08B406B6-0C6E-48F9-B36B-74B6297B60C7}.Debug|x64.ActiveCfg = Debug|x64
		{08B406B6-0C6E-48F9-B36B-74B6297B60C7}.Debug|x64.Build.0 = Debug|x64
		{08B406B6-0C6E-48F9-B36B-74B6297B60C7}.Debug|x86.ActiveCfg = Debug|Win32
		{08B406B6-0C6E-48F9-B36B-74B6297B60C7}.Debug|x86.Build.0 = Debug|Win32
		{08B406B6-0C6E-48F9-B36B-74B6297B60C7}.Release|x64.ActiveCfg = Release|x64
		{08B406B6-0C6E-48F9-B36B-74B6297B60C7}.Release|x64.Build.0 = Release|x64
		{08B406B6-0C6E-48F9-B36B-74B6297B60C7}.Release|x86.ActiveCfg = Release|Win32
		{08B406B6-0C6E-48F9-B36B-74B6297B60C7}.Release|x86.Build.0 = Release|Win32
		{4F36F854-A3F5-497F-AE12-7DC429152ED1}.Debug|x64.ActiveCfg = Debug|x64
		{4F36F854-A3F5-497F-AE12-7DC429152ED1}.Debug|x64.Build.0 = Debug|x64
		{4F36F854-A3F5-497F-AE12-7DC429152ED1}.Debug|x86.ActiveCfg = Debug|Win32
		{4F36F854-A3F5-497F-AE12-7DC429152ED1}.Debug|x86.Build.0 = Debug|Win32
		{4F36F854-A3F5-497F-AE12-7DC429152ED1}.Release|x64.ActiveCfg = Release|x64
		{4F36F854-A3F5-497F-AE12-7DC429152ED1}.Release|x64.Build.0 = Release|x64
		{4F36F854-A3F5-497F-AE12-7DC429152ED1}.Release|x86.ActiveCfg = Release|Win32
		{4F36F854-A3F5-497F-AE12-7DC429152ED1}.Release|x86.Build.0 = Release|Win32
		{982659E9-8759-48F0-A395-706FF956BECD}.Debug|x64.ActiveCfg = Debug|x64
		{982659E9-8759-48F0-A395-706FF956BECD}.Debug|x64.Build.0 = Debug|x64
		{982659E9-8759-48F0-A395-706FF956BECD}.Debug|x86.ActiveCfg = Debug|Win32
		{982659E9-8759-48F0-A395-706FF956BECD}.Debug|x86.Build.0 = Debug|Win32
		{982659E9-8759-48F0-A395-706FF956BECD}.Release|x64.ActiveCfg = Release|x64
		{982659E9-8759-48F0-A395-706FF956BECD}.Release|x64.Build.0 = Release|x64
		{982659E9-8759-48F0-A395-706FF956BECD}.Release|x86.ActiveCfg = Release|Win32
		{982659E9-8759-48F0-A395-706FF956BECD}.Release|x86.Build.0 = Release|Win32
		{D24BDE11-C1D9-42CA-96ED-950E0F94D754}.Debug|x64.ActiveCfg = Debug|x64
		{D24BDE11-C1D9-42CA-96ED-950E0F94D754}.Debug|x64.Build.0 = Debug|x64
		{D24BDE11-C1D9-42CA-96ED-950E0F94D754}.Debug|x86.ActiveCfg = Debug|Win32
		{D24BDE11-C1D9-42CA-96ED-950E0F94D754}.Debug|x86.Build.0 = Debug|Win32
		{D24BDE11-C1D9-42CA-96ED-950E0F94D754}.Release|x64.ActiveCfg = Release|x64
		{D24BDE11-C1D9-42CA-96ED-950E0F94D754}.Release|x64.Build.0 = Release|x64
		{D24BDE11-C1D9-42CA-96ED-950E0F94D754}.Release|x86.ActiveCfg = Release|Win32
		{D24BDE11-C1D9-42CA-96ED-950E0F94D754}.Release|x86.Build.0 = Release|Win32
		{097BF965-9ED4-4D67-BC51-1910D537FE3E}.Debug|x64.ActiveCfg = Debug|x64
		{097BF965-9ED4-4D67-BC51-1910D537FE3E}.Debug|x64.Build.0 = Debug|x64
		{097BF965-9ED4-4D67-BC51-1910D537FE3E}.Debug|x86.ActiveCfg = Debug|Win32
		{097BF965-9ED4-4D67-BC51-1910D537FE3E}.Debug|x86.Build.0 = Debug|Win32
		{097BF965-9ED4-4D67-BC51-1910D537FE3E}.Release|x64.ActiveCfg = Release|x64
		{097BF965-9ED4-4D67-BC51-1910D537FE3E}.Release|x64.Build.0 = Release|x64
		{097BF965-9ED4-4D67-BC51-1910D537FE3E}.Release|x86.ActiveCfg = Release|Win32
		{097BF965-9ED4-4D67-BC51-1910D537FE3E}.Release|x86.Build.0 = Release|Win32
		{A1942DBA-804D-4C02-B6E7-3D54EAA8AAE9}.Debug|x64.ActiveCfg = Debug|x64
		{A1942DBA-804D-4C02-B6E7-3D54EAA8AAE9}.Debug|x64.Build.0 = Debug|x64
		{A1942DBA-804D-4C02-B6E7-3D54EAA8AAE9}.Debug|x86.ActiveCfg = Debug|Win32
		{A1942DBA-804D-4C02-B6E7-3D54EAA8AAE9}.Debug|x86.Build.0 = Debug|Win32
		{A1942DBA-804D-4C02-B6E7-3D54EAA8AAE9}.Release|x64.ActiveCfg = Release|x64
		{A1942DBA-804D-4C02-B6E7-3D54EAA8AAE9}.Release|x64.Build.0 = Release|x64
		{A1942DBA-804D-4C02-B6E7-3D54EAA8AAE9}.Release|x86.ActiveCfg = Release|Win32
		{A1942DBA-804D-4C02-B6E7-3D54EAA8AAE9}.Release|x86.Build.0 = Release|Win32
		{C5AF3BEE-86B3-4C65-B88D-EEB5502E65AA}.Debug|x64.ActiveCfg = Debug|x64
		{C5AF3BEE-86B3-4C65-B88D-EEB5502E65AA}.Debug|x64.Build.0 = Debug|x64
		{C5AF3BEE-86B3-4C65-B88D-EEB5502E65AA}.Debug|x86.ActiveCfg = Debug|Win32
		{C5AF3BEE-86B3-4C65-B88D-EEB5502E65AA}.Debug|x86.Build.0 = Debug|Win32
		{C5AF3BEE-86B3-4C65-B88D-EEB5502E65AA}.Release|x64.ActiveCfg = Release|x64
		{C5AF3BEE-86B3-4C65-B88D-EEB5502E65AA}.Release|x64.Build.0 = Release|x64
		{C5AF3BEE-86B3-4C65-B88D-EEB5502E65AA}.Release|x86.ActiveCfg = Release|Win32
		{C5AF3BEE-86B3-4C65-B88D-EEB5502E65AA}.Release|x86.Build.0 = Release|Win32
	EndGlobalSection
	GlobalSection(SolutionProperties) = preSolution
		HideSolutionNode = FALSE
	EndGlobalSection
	GlobalSection(ExtensibilityGlobals) = postSolution
		SolutionGuid = {81A39CF3-CA2D-4C7C-BC58-24A31BC2054F}
	EndGlobalSection
EndGlobal
